
Microsoft Visual Studio Solution File, Format Version 12.00
# Visual Studio Version 16
VisualStudioVersion = 16.0.31410.357
MinimumVisualStudioVersion = 10.0.40219.1
Project("{8BC9CEB8-8B4A-11D0-8D11-00A0C91BC942}") = "Project_3", "Project_3\Project_3.vcxproj", "{66716C5D-C749-4599-8EE6-EB063B6F8142}"
EndProject
Global
	GlobalSection(SolutionConfigurationPlatforms) = preSolution
		Debug|x64 = Debug|x64
		Debug|x86 = Debug|x86
		Release|x64 = Release|x64
		Release|x86 = Release|x86
	EndGlobalSection
	GlobalSection(ProjectConfigurationPlatforms) = postSolution
		{66716C5D-C749-4599-8EE6-EB063B6F8142}.Debug|x64.ActiveCfg = Debug|x64
		{66716C5D-C749-4599-8EE6-EB063B6F8142}.Debug|x64.Build.0 = Debug|x64
		{66716C5D-C749-4599-8EE6-EB063B6F8142}.Debug|x86.ActiveCfg = Debug|Win32
		{66716C5D-C749-4599-8EE6-EB063B6F8142}.Debug|x86.Build.0 = Debug|Win32
		{66716C5D-C749-4599-8EE6-EB063B6F8142}.Release|x64.ActiveCfg = Release|x64
		{66716C5D-C749-4599-8EE6-EB063B6F8142}.Release|x64.Build.0 = Release|x64
		{66716C5D-C749-4599-8EE6-EB063B6F8142}.Release|x86.ActiveCfg = Release|Win32
		{66716C5D-C749-4599-8EE6-EB063B6F8142}.Release|x86.Build.0 = Release|Win32
	EndGlobalSection
	GlobalSection(SolutionProperties) = preSolution
		HideSolutionNode = FALSE
	EndGlobalSection
	GlobalSection(ExtensibilityGlobals) = postSolution
		SolutionGuid = {5715F898-DA84-4368-BCA2-FC82AD964110}
	EndGlobalSection
EndGlobal
